{
  "version": 4,
  "terraform_version": "1.9.8",
  "serial": 16,
  "lineage": "5584a5e9-90e2-a7cb-b5bb-9555b5d67c1c",
  "outputs": {},
  "resources": [
    {
      "module": "module.ssh_key",
      "mode": "managed",
      "type": "aws_key_pair",
      "name": "ssh_key",
      "provider": "provider[\"registry.terraform.io/hashicorp/aws\"]",
      "instances": [
        {
          "schema_version": 1,
          "attributes": {
            "arn": "arn:aws:ec2:ap-south-1:050752608385:key-pair/digit-quickstart",
            "fingerprint": "EiBipXKBpSqBWdS7yHTLJucduKyTlA/JkvXj0i9cOzQ=",
            "id": "digit-quickstart",
            "key_name": "digit-quickstart",
            "key_name_prefix": "",
            "key_pair_id": "key-063c696f0ea0c3fff",
            "key_type": "ed25519",
            "public_key": "ssh-ed25519 AAAAC3NzaC1lZDI1NTE5AAAAIPhETHVKGIJFw1YagQqqkRBdAYpmF7g9NuFj3nukpIHM manish_k@Manish",
            "tags": {},
            "tags_all": {}
          },
          "sensitive_attributes": [],
          "private": "eyJzY2hlbWFfdmVyc2lvbiI6IjEifQ=="
        }
      ]
    }
  ],
  "check_results": null
}
